// !$*UTF8*$!
{
	archiveVersion = 1;
	classes = {
	};
	objectVersion = 46;
	objects = {

/* Begin PBXBuildFile section */
		D4C2AD92C83A54E1798C8D61 /* Pods.framework in Frameworks */ = {isa = PBXBuildFile; fileRef = 60753B91370ADC784C8C96F8 /* Pods.framework */; };
		D61DAAB51C17C0B600A7BA07 /* main.m in Sources */ = {isa = PBXBuildFile; fileRef = D61DAAB41C17C0B600A7BA07 /* main.m */; };
		D61DAAB81C17C0B600A7BA07 /* AppDelegate.m in Sources */ = {isa = PBXBuildFile; fileRef = D61DAAB71C17C0B600A7BA07 /* AppDelegate.m */; };
		D61DAABB1C17C0B600A7BA07 /* ViewController.m in Sources */ = {isa = PBXBuildFile; fileRef = D61DAABA1C17C0B600A7BA07 /* ViewController.m */; };
		D61DAABE1C17C0B600A7BA07 /* Main.storyboard in Resources */ = {isa = PBXBuildFile; fileRef = D61DAABC1C17C0B600A7BA07 /* Main.storyboard */; };
		D61DAAC01C17C0B600A7BA07 /* Assets.xcassets in Resources */ = {isa = PBXBuildFile; fileRef = D61DAABF1C17C0B600A7BA07 /* Assets.xcassets */; };
		D61DAAC31C17C0B600A7BA07 /* LaunchScreen.storyboard in Resources */ = {isa = PBXBuildFile; fileRef = D61DAAC11C17C0B600A7BA07 /* LaunchScreen.storyboard */; };
		D61DAACF1C17C13000A7BA07 /* TPCPhotoBrowserView.swift in Sources */ = {isa = PBXBuildFile; fileRef = D61DAACD1C17C13000A7BA07 /* TPCPhotoBrowserView.swift */; };
		D61DAAD01C17C13000A7BA07 /* TPCImageView.swift in Sources */ = {isa = PBXBuildFile; fileRef = D61DAACE1C17C13000A7BA07 /* TPCImageView.swift */; };
		D61DAAD31C17C33000A7BA07 /* TPCPhotoBrowserView.m in Sources */ = {isa = PBXBuildFile; fileRef = D61DAAD21C17C33000A7BA07 /* TPCPhotoBrowserView.m */; };
		D61DAAD61C17C4BB00A7BA07 /* TPCImageView.m in Sources */ = {isa = PBXBuildFile; fileRef = D61DAAD51C17C4BB00A7BA07 /* TPCImageView.m */; };
/* End PBXBuildFile section */

/* Begin PBXFileReference section */
		26A2E738CA489EAFEF5BAF27 /* Pods.debug.xcconfig */ = {isa = PBXFileReference; includeInIndex = 1; lastKnownFileType = text.xcconfig; name = Pods.debug.xcconfig; path = "Pods/Target Support Files/Pods/Pods.debug.xcconfig"; sourceTree = "<group>"; };
		60753B91370ADC784C8C96F8 /* Pods.framework */ = {isa = PBXFileReference; explicitFileType = wrapper.framework; includeInIndex = 0; path = Pods.framework; sourceTree = BUILT_PRODUCTS_DIR; };
		86860E6EF152452419DF7D92 /* Pods.release.xcconfig */ = {isa = PBXFileReference; includeInIndex = 1; lastKnownFileType = text.xcconfig; name = Pods.release.xcconfig; path = "Pods/Target Support Files/Pods/Pods.release.xcconfig"; sourceTree = "<group>"; };
		D61DAAB01C17C0B600A7BA07 /* TPCPhotoBrowserView.app */ = {isa = PBXFileReference; explicitFileType = wrapper.application; includeInIndex = 0; path = TPCPhotoBrowserView.app; sourceTree = BUILT_PRODUCTS_DIR; };
		D61DAAB41C17C0B600A7BA07 /* main.m */ = {isa = PBXFileReference; lastKnownFileType = sourcecode.c.objc; path = main.m; sourceTree = "<group>"; };
		D61DAAB61C17C0B600A7BA07 /* AppDelegate.h */ = {isa = PBXFileReference; lastKnownFileType = sourcecode.c.h; path = AppDelegate.h; sourceTree = "<group>"; };
		D61DAAB71C17C0B600A7BA07 /* AppDelegate.m */ = {isa = PBXFileReference; lastKnownFileType = sourcecode.c.objc; path = AppDelegate.m; sourceTree = "<group>"; };
		D61DAAB91C17C0B600A7BA07 /* ViewController.h */ = {isa = PBXFileReference; lastKnownFileType = sourcecode.c.h; path = ViewController.h; sourceTree = "<group>"; };
		D61DAABA1C17C0B600A7BA07 /* ViewController.m */ = {isa = PBXFileReference; lastKnownFileType = sourcecode.c.objc; path = ViewController.m; sourceTree = "<group>"; };
		D61DAABD1C17C0B600A7BA07 /* Base */ = {isa = PBXFileReference; lastKnownFileType = file.storyboard; name = Base; path = Base.lproj/Main.storyboard; sourceTree = "<group>"; };
		D61DAABF1C17C0B600A7BA07 /* Assets.xcassets */ = {isa = PBXFileReference; lastKnownFileType = folder.assetcatalog; path = Assets.xcassets; sourceTree = "<group>"; };
		D61DAAC21C17C0B600A7BA07 /* Base */ = {isa = PBXFileReference; lastKnownFileType = file.storyboard; name = Base; path = Base.lproj/LaunchScreen.storyboard; sourceTree = "<group>"; };
		D61DAAC41C17C0B600A7BA07 /* Info.plist */ = {isa = PBXFileReference; lastKnownFileType = text.plist.xml; path = Info.plist; sourceTree = "<group>"; };
		D61DAACC1C17C12F00A7BA07 /* TPCPhotoBrowserView-Bridging-Header.h */ = {isa = PBXFileReference; lastKnownFileType = sourcecode.c.h; path = "TPCPhotoBrowserView-Bridging-Header.h"; sourceTree = "<group>"; };
		D61DAACD1C17C13000A7BA07 /* TPCPhotoBrowserView.swift */ = {isa = PBXFileReference; fileEncoding = 4; lastKnownFileType = sourcecode.swift; path = TPCPhotoBrowserView.swift; sourceTree = "<group>"; };
		D61DAACE1C17C13000A7BA07 /* TPCImageView.swift */ = {isa = PBXFileReference; fileEncoding = 4; lastKnownFileType = sourcecode.swift; path = TPCImageView.swift; sourceTree = "<group>"; };
		D61DAAD11C17C33000A7BA07 /* TPCPhotoBrowserView.h */ = {isa = PBXFileReference; fileEncoding = 4; lastKnownFileType = sourcecode.c.h; path = TPCPhotoBrowserView.h; sourceTree = "<group>"; };
		D61DAAD21C17C33000A7BA07 /* TPCPhotoBrowserView.m */ = {isa = PBXFileReference; fileEncoding = 4; lastKnownFileType = sourcecode.c.objc; path = TPCPhotoBrowserView.m; sourceTree = "<group>"; };
		D61DAAD41C17C4BB00A7BA07 /* TPCImageView.h */ = {isa = PBXFileReference; fileEncoding = 4; lastKnownFileType = sourcecode.c.h; path = TPCImageView.h; sourceTree = "<group>"; };
		D61DAAD51C17C4BB00A7BA07 /* TPCImageView.m */ = {isa = PBXFileReference; fileEncoding = 4; lastKnownFileType = sourcecode.c.objc; path = TPCImageView.m; sourceTree = "<group>"; };
/* End PBXFileReference section */

/* Begin PBXFrameworksBuildPhase section */
		D61DAAAD1C17C0B600A7BA07 /* Frameworks */ = {
			isa = PBXFrameworksBuildPhase;
			buildActionMask = 2147483647;
			files = (
				D4C2AD92C83A54E1798C8D61 /* Pods.framework in Frameworks */,
			);
			runOnlyForDeploymentPostprocessing = 0;
		};
/* End PBXFrameworksBuildPhase section */

/* Begin PBXGroup section */
		1A5B59D9F5431C7BFCA449BF /* Pods */ = {
			isa = PBXGroup;
			children = (
				26A2E738CA489EAFEF5BAF27 /* Pods.debug.xcconfig */,
				86860E6EF152452419DF7D92 /* Pods.release.xcconfig */,
			);
			name = Pods;
			sourceTree = "<group>";
		};
		76D108162B979FA328D2678C /* Frameworks */ = {
			isa = PBXGroup;
			children = (
				60753B91370ADC784C8C96F8 /* Pods.framework */,
			);
			name = Frameworks;
			sourceTree = "<group>";
		};
		D61DAAA71C17C0B600A7BA07 = {
			isa = PBXGroup;
			children = (
				D61DAAB21C17C0B600A7BA07 /* TPCPhotoBrowserView */,
				D61DAAB11C17C0B600A7BA07 /* Products */,
				1A5B59D9F5431C7BFCA449BF /* Pods */,
				76D108162B979FA328D2678C /* Frameworks */,
			);
			sourceTree = "<group>";
		};
		D61DAAB11C17C0B600A7BA07 /* Products */ = {
			isa = PBXGroup;
			children = (
				D61DAAB01C17C0B600A7BA07 /* TPCPhotoBrowserView.app */,
			);
			name = Products;
			sourceTree = "<group>";
		};
		D61DAAB21C17C0B600A7BA07 /* TPCPhotoBrowserView */ = {
			isa = PBXGroup;
			children = (
				D61DAACA1C17C11200A7BA07 /* TPCPhotoBrowserViewObjective-C */,
				D61DAACB1C17C11200A7BA07 /* TPCPhotoBrowserViewSwift */,
				D61DAAB61C17C0B600A7BA07 /* AppDelegate.h */,
				D61DAAB71C17C0B600A7BA07 /* AppDelegate.m */,
				D61DAAB91C17C0B600A7BA07 /* ViewController.h */,
				D61DAABA1C17C0B600A7BA07 /* ViewController.m */,
				D61DAABC1C17C0B600A7BA07 /* Main.storyboard */,
				D61DAABF1C17C0B600A7BA07 /* Assets.xcassets */,
				D61DAAC11C17C0B600A7BA07 /* LaunchScreen.storyboard */,
				D61DAAC41C17C0B600A7BA07 /* Info.plist */,
				D61DAAB31C17C0B600A7BA07 /* Supporting Files */,
			);
			path = TPCPhotoBrowserView;
			sourceTree = "<group>";
		};
		D61DAAB31C17C0B600A7BA07 /* Supporting Files */ = {
			isa = PBXGroup;
			children = (
				D61DAAB41C17C0B600A7BA07 /* main.m */,
			);
			name = "Supporting Files";
			sourceTree = "<group>";
		};
		D61DAACA1C17C11200A7BA07 /* TPCPhotoBrowserViewObjective-C */ = {
			isa = PBXGroup;
			children = (
				D61DAAD11C17C33000A7BA07 /* TPCPhotoBrowserView.h */,
				D61DAAD21C17C33000A7BA07 /* TPCPhotoBrowserView.m */,
				D61DAAD41C17C4BB00A7BA07 /* TPCImageView.h */,
				D61DAAD51C17C4BB00A7BA07 /* TPCImageView.m */,
			);
			path = "TPCPhotoBrowserViewObjective-C";
			sourceTree = "<group>";
		};
		D61DAACB1C17C11200A7BA07 /* TPCPhotoBrowserViewSwift */ = {
			isa = PBXGroup;
			children = (
				D61DAACD1C17C13000A7BA07 /* TPCPhotoBrowserView.swift */,
				D61DAACE1C17C13000A7BA07 /* TPCImageView.swift */,
				D61DAACC1C17C12F00A7BA07 /* TPCPhotoBrowserView-Bridging-Header.h */,
			);
			path = TPCPhotoBrowserViewSwift;
			sourceTree = "<group>";
		};
/* End PBXGroup section */

/* Begin PBXNativeTarget section */
		D61DAAAF1C17C0B600A7BA07 /* TPCPhotoBrowserView */ = {
			isa = PBXNativeTarget;
			buildConfigurationList = D61DAAC71C17C0B600A7BA07 /* Build configuration list for PBXNativeTarget "TPCPhotoBrowserView" */;
			buildPhases = (
				394E46E3029E603C0D25EC84 /* Check Pods Manifest.lock */,
				D61DAAAC1C17C0B600A7BA07 /* Sources */,
				D61DAAAD1C17C0B600A7BA07 /* Frameworks */,
				D61DAAAE1C17C0B600A7BA07 /* Resources */,
				450BDAB9896174E6492E20C1 /* Embed Pods Frameworks */,
				DE710D239650708B703A7B70 /* Copy Pods Resources */,
			);
			buildRules = (
			);
			dependencies = (
			);
			name = TPCPhotoBrowserView;
			productName = TPCPhotoBrowserView;
			productReference = D61DAAB01C17C0B600A7BA07 /* TPCPhotoBrowserView.app */;
			productType = "com.apple.product-type.application";
		};
/* End PBXNativeTarget section */

/* Begin PBXProject section */
		D61DAAA81C17C0B600A7BA07 /* Project object */ = {
			isa = PBXProject;
			attributes = {
				LastUpgradeCheck = 0710;
				ORGANIZATIONNAME = tripleCC;
				TargetAttributes = {
					D61DAAAF1C17C0B600A7BA07 = {
						CreatedOnToolsVersion = 7.1.1;
					};
				};
			};
			buildConfigurationList = D61DAAAB1C17C0B600A7BA07 /* Build configuration list for PBXProject "TPCPhotoBrowserView" */;
			compatibilityVersion = "Xcode 3.2";
			developmentRegion = English;
			hasScannedForEncodings = 0;
			knownRegions = (
				en,
				Base,
			);
			mainGroup = D61DAAA71C17C0B600A7BA07;
			productRefGroup = D61DAAB11C17C0B600A7BA07 /* Products */;
			projectDirPath = "";
			projectRoot = "";
			targets = (
				D61DAAAF1C17C0B600A7BA07 /* TPCPhotoBrowserView */,
			);
		};
/* End PBXProject section */

/* Begin PBXResourcesBuildPhase section */
		D61DAAAE1C17C0B600A7BA07 /* Resources */ = {
			isa = PBXResourcesBuildPhase;
			buildActionMask = 2147483647;
			files = (
				D61DAAC31C17C0B600A7BA07 /* LaunchScreen.storyboard in Resources */,
				D61DAAC01C17C0B600A7BA07 /* Assets.xcassets in Resources */,
				D61DAABE1C17C0B600A7BA07 /* Main.storyboard in Resources */,
			);
			runOnlyForDeploymentPostprocessing = 0;
		};
/* End PBXResourcesBuildPhase section */

/* Begin PBXShellScriptBuildPhase section */
		394E46E3029E603C0D25EC84 /* Check Pods Manifest.lock */ = {
			isa = PBXShellScriptBuildPhase;
			buildActionMask = 2147483647;
			files = (
			);
			inputPaths = (
			);
			name = "Check Pods Manifest.lock";
			outputPaths = (
			);
			runOnlyForDeploymentPostprocessing = 0;
			shellPath = /bin/sh;
			shellScript = "diff \"${PODS_ROOT}/../Podfile.lock\" \"${PODS_ROOT}/Manifest.lock\" > /dev/null\nif [[ $? != 0 ]] ; then\n    cat << EOM\nerror: The sandbox is not in sync with the Podfile.lock. Run 'pod install' or update your CocoaPods installation.\nEOM\n    exit 1\nfi\n";
			showEnvVarsInLog = 0;
		};
		450BDAB9896174E6492E20C1 /* Embed Pods Frameworks */ = {
			isa = PBXShellScriptBuildPhase;
			buildActionMask = 2147483647;
			files = (
			);
			inputPaths = (
			);
			name = "Embed Pods Frameworks";
			outputPaths = (
			);
			runOnlyForDeploymentPostprocessing = 0;
			shellPath = /bin/sh;
			shellScript = "\"${SRCROOT}/Pods/Target Support Files/Pods/Pods-frameworks.sh\"\n";
			showEnvVarsInLog = 0;
		};
		DE710D239650708B703A7B70 /* Copy Pods Resources */ = {
			isa = PBXShellScriptBuildPhase;
			buildActionMask = 2147483647;
			files = (
			);
			inputPaths = (
			);
			name = "Copy Pods Resources";
			outputPaths = (
			);
			runOnlyForDeploymentPostprocessing = 0;
			shellPath = /bin/sh;
			shellScript = "\"${SRCROOT}/Pods/Target Support Files/Pods/Pods-resources.sh\"\n";
			showEnvVarsInLog = 0;
		};
/* End PBXShellScriptBuildPhase section */

/* Begin PBXSourcesBuildPhase section */
		D61DAAAC1C17C0B600A7BA07 /* Sources */ = {
			isa = PBXSourcesBuildPhase;
			buildActionMask = 2147483647;
			files = (
				D61DAACF1C17C13000A7BA07 /* TPCPhotoBrowserView.swift in Sources */,
				D61DAAD61C17C4BB00A7BA07 /* TPCImageView.m in Sources */,
				D61DAABB1C17C0B600A7BA07 /* ViewController.m in Sources */,
				D61DAAD31C17C33000A7BA07 /* TPCPhotoBrowserView.m in Sources */,
				D61DAAB81C17C0B600A7BA07 /* AppDelegate.m in Sources */,
				D61DAAD01C17C13000A7BA07 /* TPCImageView.swift in Sources */,
				D61DAAB51C17C0B600A7BA07 /* main.m in Sources */,
			);
			runOnlyForDeploymentPostprocessing = 0;
		};
/* End PBXSourcesBuildPhase section */

/* Begin PBXVariantGroup section */
		D61DAABC1C17C0B600A7BA07 /* Main.storyboard */ = {
			isa = PBXVariantGroup;
			children = (
				D61DAABD1C17C0B600A7BA07 /* Base */,
			);
			name = Main.storyboard;
			sourceTree = "<group>";
		};
		D61DAAC11C17C0B600A7BA07 /* LaunchScreen.storyboard */ = {
			isa = PBXVariantGroup;
			children = (
				D61DAAC21C17C0B600A7BA07 /* Base */,
			);
			name = LaunchScreen.storyboard;
			sourceTree = "<group>";
		};
/* End PBXVariantGroup section */

/* Begin XCBuildConfiguration section */
		D61DAAC51C17C0B600A7BA07 /* Debug */ = {
			isa = XCBuildConfiguration;
			buildSettings = {
				ALWAYS_SEARCH_USER_PATHS = NO;
				CLANG_CXX_LANGUAGE_STANDARD = "gnu++0x";
				CLANG_CXX_LIBRARY = "libc++";
				CLANG_ENABLE_MODULES = YES;
				CLANG_ENABLE_OBJC_ARC = YES;
				CLANG_WARN_BOOL_CONVERSION = YES;
				CLANG_WARN_CONSTANT_CONVERSION = YES;
				CLANG_WARN_DIRECT_OBJC_ISA_USAGE = YES_ERROR;
				CLANG_WARN_EMPTY_BODY = YES;
				CLANG_WARN_ENUM_CONVERSION = YES;
				CLANG_WARN_INT_CONVERSION = YES;
				CLANG_WARN_OBJC_ROOT_CLASS = YES_ERROR;
				CLANG_WARN_UNREACHABLE_CODE = YES;
				CLANG_WARN__DUPLICATE_METHOD_MATCH = YES;
				"CODE_SIGN_IDENTITY[sdk=iphoneos*]" = "iPhone Developer";
				COPY_PHASE_STRIP = NO;
				DEBUG_INFORMATION_FORMAT = dwarf;
				ENABLE_STRICT_OBJC_MSGSEND = YES;
				ENABLE_TESTABILITY = YES;
				GCC_C_LANGUAGE_STANDARD = gnu99;
				GCC_DYNAMIC_NO_PIC = NO;
				GCC_NO_COMMON_BLOCKS = YES;
				GCC_OPTIMIZATION_LEVEL = 0;
				GCC_PREPROCESSOR_DEFINITIONS = (
					"DEBUG=1",
					"$(inherited)",
				);
				GCC_WARN_64_TO_32_BIT_CONVERSION = YES;
				GCC_WARN_ABOUT_RETURN_TYPE = YES_ERROR;
				GCC_WARN_UNDECLARED_SELECTOR = YES;
				GCC_WARN_UNINITIALIZED_AUTOS = YES_AGGRESSIVE;
				GCC_WARN_UNUSED_FUNCTION = YES;
				GCC_WARN_UNUSED_VARIABLE = YES;
				IPHONEOS_DEPLOYMENT_TARGET = 9.1;
				MTL_ENABLE_DEBUG_INFO = YES;
				ONLY_ACTIVE_ARCH = YES;
				SDKROOT = iphoneos;
			};
			name = Debug;
		};
		D61DAAC61C17C0B600A7BA07 /* Release */ = {
			isa = XCBuildConfiguration;
			buildSettings = {
				ALWAYS_SEARCH_USER_PATHS = NO;
				CLANG_CXX_LANGUAGE_STANDARD = "gnu++0x";
				CLANG_CXX_LIBRARY = "libc++";
				CLANG_ENABLE_MODULES = YES;
				CLANG_ENABLE_OBJC_ARC = YES;
				CLANG_WARN_BOOL_CONVERSION = YES;
				CLANG_WARN_CONSTANT_CONVERSION = YES;
				CLANG_WARN_DIRECT_OBJC_ISA_USAGE = YES_ERROR;
				CLANG_WARN_EMPTY_BODY = YES;
				CLANG_WARN_ENUM_CONVERSION = YES;
				CLANG_WARN_INT_CONVERSION = YES;
				CLANG_WARN_OBJC_ROOT_CLASS = YES_ERROR;
				CLANG_WARN_UNREACHABLE_CODE = YES;
				CLANG_WARN__DUPLICATE_METHOD_MATCH = YES;
				"CODE_SIGN_IDENTITY[sdk=iphoneos*]" = "iPhone Developer";
				COPY_PHASE_STRIP = NO;
				DEBUG_INFORMATION_FORMAT = "dwarf-with-dsym";
				ENABLE_NS_ASSERTIONS = NO;
				ENABLE_STRICT_OBJC_MSGSEND = YES;
				GCC_C_LANGUAGE_STANDARD = gnu99;
				GCC_NO_COMMON_BLOCKS = YES;
				GCC_WARN_64_TO_32_BIT_CONVERSION = YES;
				GCC_WARN_ABOUT_RETURN_TYPE = YES_ERROR;
				GCC_WARN_UNDECLARED_SELECTOR = YES;
				GCC_WARN_UNINITIALIZED_AUTOS = YES_AGGRESSIVE;
				GCC_WARN_UNUSED_FUNCTION = YES;
				GCC_WARN_UNUSED_VARIABLE = YES;
				IPHONEOS_DEPLOYMENT_TARGET = 9.1;
				MTL_ENABLE_DEBUG_INFO = NO;
				SDKROOT = iphoneos;
				VALIDATE_PRODUCT = YES;
			};
			name = Release;
		};
		D61DAAC81C17C0B600A7BA07 /* Debug */ = {
			isa = XCBuildConfiguration;
			baseConfigurationReference = 26A2E738CA489EAFEF5BAF27 /* Pods.debug.xcconfig */;
			buildSettings = {
				ASSETCATALOG_COMPILER_APPICON_NAME = AppIcon;
				CLANG_ENABLE_MODULES = YES;
				INFOPLIST_FILE = TPCPhotoBrowserView/Info.plist;
				LD_RUNPATH_SEARCH_PATHS = "$(inherited) @executable_path/Frameworks";
				PRODUCT_BUNDLE_IDENTIFIER = com.triplec.TPCPhotoBrowserView;
				PRODUCT_NAME = "$(TARGET_NAME)";
				SWIFT_OBJC_BRIDGING_HEADER = "TPCPhotoBrowserView/TPCPhotoBrowserViewSwift/TPCPhotoBrowserView-Bridging-Header.h";
				SWIFT_OPTIMIZATION_LEVEL = "-Onone";
			};
			name = Debug;
		};
		D61DAAC91C17C0B600A7BA07 /* Release */ = {
			isa = XCBuildConfiguration;
			baseConfigurationReference = 86860E6EF152452419DF7D92 /* Pods.release.xcconfig */;
			buildSettings = {
				ASSETCATALOG_COMPILER_APPICON_NAME = AppIcon;
				CLANG_ENABLE_MODULES = YES;
				INFOPLIST_FILE = TPCPhotoBrowserView/Info.plist;
				LD_RUNPATH_SEARCH_PATHS = "$(inherited) @executable_path/Frameworks";
				PRODUCT_BUNDLE_IDENTIFIER = com.triplec.TPCPhotoBrowserView;
				PRODUCT_NAME = "$(TARGET_NAME)";
				SWIFT_OBJC_BRIDGING_HEADER = "TPCPhotoBrowserView/TPCPhotoBrowserViewSwift/TPCPhotoBrowserView-Bridging-Header.h";
			};
			name = Release;
		};
/* End XCBuildConfiguration section */

/* Begin XCConfigurationList section */
		D61DAAAB1C17C0B600A7BA07 /* Build configuration list for PBXProject "TPCPhotoBrowserView" */ = {
			isa = XCConfigurationList;
			buildConfigurations = (
				D61DAAC51C17C0B600A7BA07 /* Debug */,
				D61DAAC61C17C0B600A7BA07 /* Release */,
			);
			defaultConfigurationIsVisible = 0;
			defaultConfigurationName = Release;
		};
		D61DAAC71C17C0B600A7BA07 /* Build configuration list for PBXNativeTarget "TPCPhotoBrowserView" */ = {
			isa = XCConfigurationList;
			buildConfigurations = (
				D61DAAC81C17C0B600A7BA07 /* Debug */,
				D61DAAC91C17C0B600A7BA07 /* Release */,
			);
			defaultConfigurationIsVisible = 0;
			defaultConfigurationName = Release;
		};
/* End XCConfigurationList section */
	};
	rootObject = D61DAAA81C17C0B600A7BA07 /* Project object */;
}
